PODS:
  - HCSStarRatingView (1.4.5)
  - MultiSelectSegmentedControl (1.1.0)

DEPENDENCIES:
  - HCSStarRatingView (~> 1.4.5)
  - MultiSelectSegmentedControl

SPEC CHECKSUMS:
  HCSStarRatingView: bff3f89314d3b5013ce826ea11897d3129ff6b8c
  MultiSelectSegmentedControl: 54fb23c997b971eff621cfcf965ff1613d99c3d2

PODFILE CHECKSUM: 3a6c9dc2e4d25de9ff2333a9fcff7e2cdd73dfca

COCOAPODS: 1.0.1
